
Microsoft Visual Studio Solution File, Format Version 12.00
# Visual Studio Version 17
VisualStudioVersion = 17.6.33815.320
MinimumVisualStudioVersion = 10.0.40219.1
Project("{9A19103F-16F7-4668-BE54-9A1E7A4F7556}") = "KargoApp", "KargoApp\KargoApp.csproj", "{A3497AFD-EEF5-4926-9CBA-219275CC4F44}"
EndProject
Project("{FAE04EC0-301F-11D3-BF4B-00C04F79EFBC}") = "Buisness", "Buisness\Buisness.csproj", "{C3FBFAD0-77D2-4643-AE44-BE86C8161C5A}"
EndProject
Global
	GlobalSection(SolutionConfigurationPlatforms) = preSolution
		Debug|Any CPU = Debug|Any CPU
		Release|Any CPU = Release|Any CPU
	EndGlobalSection
	GlobalSection(ProjectConfigurationPlatforms) = postSolution
		{A3497AFD-EEF5-4926-9CBA-219275CC4F44}.Debug|Any CPU.ActiveCfg = Debug|Any CPU
		{A3497AFD-EEF5-4926-9CBA-219275CC4F44}.Debug|Any CPU.Build.0 = Debug|Any CPU
		{A3497AFD-EEF5-4926-9CBA-219275CC4F44}.Release|Any CPU.ActiveCfg = Release|Any CPU
		{A3497AFD-EEF5-4926-9CBA-219275CC4F44}.Release|Any CPU.Build.0 = Release|Any CPU
		{C3FBFAD0-77D2-4643-AE44-BE86C8161C5A}.Debug|Any CPU.ActiveCfg = Debug|Any CPU
		{C3FBFAD0-77D2-4643-AE44-BE86C8161C5A}.Debug|Any CPU.Build.0 = Debug|Any CPU
		{C3FBFAD0-77D2-4643-AE44-BE86C8161C5A}.Release|Any CPU.ActiveCfg = Release|Any CPU
		{C3FBFAD0-77D2-4643-AE44-BE86C8161C5A}.Release|Any CPU.Build.0 = Release|Any CPU
	EndGlobalSection
	GlobalSection(SolutionProperties) = preSolution
		HideSolutionNode = FALSE
	EndGlobalSection
	GlobalSection(ExtensibilityGlobals) = postSolution
		SolutionGuid = {D57BC760-0410-4B42-8765-57745C39B2F5}
	EndGlobalSection
EndGlobal
